{
  "object": {
    "pins": [
      {
        "package": "MultiViews",
        "repositoryURL": "https://github.com/heestand-xyz/MultiViews",
        "state": {
          "branch": null,
          "revision": "c0d6c07d19b14f359e4f4c9b23be7d3b46a481c3",
          "version": "1.3.2"
        }
      }
    ]
  },
  "version": 1
}
